// !$*UTF8*$!
{
	archiveVersion = 1;
	classes = {
	};
	objectVersion = 56;
	objects = {

/* Begin PBXBuildFile section */
		3238B4F02B253703001EC3D8 /* Ciper.swift in Sources */ = {isa = PBXBuildFile; fileRef = 3238B4EF2B253703001EC3D8 /* Ciper.swift */; };
		3267FEE42B2532BF00B9E4B0 /* Constants.swift in Sources */ = {isa = PBXBuildFile; fileRef = 3267FEE32B2532BF00B9E4B0 /* Constants.swift */; };
		32E727AD2B2528990074DAB4 /* AppDelegate.swift in Sources */ = {isa = PBXBuildFile; fileRef = 32E727AC2B2528990074DAB4 /* AppDelegate.swift */; };
		32E727AF2B2528990074DAB4 /* SceneDelegate.swift in Sources */ = {isa = PBXBuildFile; fileRef = 32E727AE2B2528990074DAB4 /* SceneDelegate.swift */; };
		32E727B42B2528990074DAB4 /* Main.storyboard in Resources */ = {isa = PBXBuildFile; fileRef = 32E727B22B2528990074DAB4 /* Main.storyboard */; };
		32E727B62B25289B0074DAB4 /* Assets.xcassets in Resources */ = {isa = PBXBuildFile; fileRef = 32E727B52B25289B0074DAB4 /* Assets.xcassets */; };
		32E727B92B25289B0074DAB4 /* LaunchScreen.storyboard in Resources */ = {isa = PBXBuildFile; fileRef = 32E727B72B25289B0074DAB4 /* LaunchScreen.storyboard */; };
		32E727C42B25290C0074DAB4 /* AppCoordinator.swift in Sources */ = {isa = PBXBuildFile; fileRef = 32E727C32B25290C0074DAB4 /* AppCoordinator.swift */; };
		32E727C62B25298C0074DAB4 /* Auth.storyboard in Resources */ = {isa = PBXBuildFile; fileRef = 32E727C52B25298C0074DAB4 /* Auth.storyboard */; };
		32E727CD2B2529A80074DAB4 /* Extension + LocalAuthentication.swift in Sources */ = {isa = PBXBuildFile; fileRef = 32E727C82B2529A80074DAB4 /* Extension + LocalAuthentication.swift */; };
		32E727CE2B2529A80074DAB4 /* Extension + Collection.swift in Sources */ = {isa = PBXBuildFile; fileRef = 32E727C92B2529A80074DAB4 /* Extension + Collection.swift */; };
		32E727CF2B2529A80074DAB4 /* Extension + String.swift in Sources */ = {isa = PBXBuildFile; fileRef = 32E727CA2B2529A80074DAB4 /* Extension + String.swift */; };
		32E727D02B2529A80074DAB4 /* Extension + UIStoryboard.swift in Sources */ = {isa = PBXBuildFile; fileRef = 32E727CB2B2529A80074DAB4 /* Extension + UIStoryboard.swift */; };
		32E727D12B2529A80074DAB4 /* Extension + UIView.swift in Sources */ = {isa = PBXBuildFile; fileRef = 32E727CC2B2529A80074DAB4 /* Extension + UIView.swift */; };
		32E727D32B2529F00074DAB4 /* GoogleService-Info.plist in Resources */ = {isa = PBXBuildFile; fileRef = 32E727D22B2529F00074DAB4 /* GoogleService-Info.plist */; };
		32E727D62B252C930074DAB4 /* SignInViewController.swift in Sources */ = {isa = PBXBuildFile; fileRef = 32E727D52B252C930074DAB4 /* SignInViewController.swift */; };
		32E727DE2B252CAA0074DAB4 /* BaseLoadingView.swift in Sources */ = {isa = PBXBuildFile; fileRef = 32E727D92B252CAA0074DAB4 /* BaseLoadingView.swift */; };
		32E727DF2B252CAA0074DAB4 /* BaseManager.swift in Sources */ = {isa = PBXBuildFile; fileRef = 32E727DA2B252CAA0074DAB4 /* BaseManager.swift */; };
		32E727E12B252CAA0074DAB4 /* BaseViewController.swift in Sources */ = {isa = PBXBuildFile; fileRef = 32E727DC2B252CAA0074DAB4 /* BaseViewController.swift */; };
		32EFE7542B252EB700D5103D /* ManagerFactory.swift in Sources */ = {isa = PBXBuildFile; fileRef = 32EFE7532B252EB700D5103D /* ManagerFactory.swift */; };
		32EFE7562B252EDD00D5103D /* AuthManager.swift in Sources */ = {isa = PBXBuildFile; fileRef = 32EFE7552B252EDD00D5103D /* AuthManager.swift */; };
		32EFE7592B252F8E00D5103D /* User.swift in Sources */ = {isa = PBXBuildFile; fileRef = 32EFE7582B252F8E00D5103D /* User.swift */; };
		32EFE75B2B252FBB00D5103D /* FirebaseEntity.swift in Sources */ = {isa = PBXBuildFile; fileRef = 32EFE75A2B252FBB00D5103D /* FirebaseEntity.swift */; };
		32EFE75D2B2530A800D5103D /* TwoFactorAuthManager.swift in Sources */ = {isa = PBXBuildFile; fileRef = 32EFE75C2B2530A800D5103D /* TwoFactorAuthManager.swift */; };
		8F2AF49BCAAF54542743552F /* Pods_Fina.framework in Frameworks */ = {isa = PBXBuildFile; fileRef = EF62C50FFF43A073158A4374 /* Pods_Fina.framework */; };
/* End PBXBuildFile section */

/* Begin PBXFileReference section */
		0E2BE9FB88ADA484D64D97A4 /* Pods-Fina.release.xcconfig */ = {isa = PBXFileReference; includeInIndex = 1; lastKnownFileType = text.xcconfig; name = "Pods-Fina.release.xcconfig"; path = "Target Support Files/Pods-Fina/Pods-Fina.release.xcconfig"; sourceTree = "<group>"; };
		3238B4EF2B253703001EC3D8 /* Ciper.swift */ = {isa = PBXFileReference; fileEncoding = 4; lastKnownFileType = sourcecode.swift; path = Ciper.swift; sourceTree = "<group>"; };
		3267FEE32B2532BF00B9E4B0 /* Constants.swift */ = {isa = PBXFileReference; lastKnownFileType = sourcecode.swift; path = Constants.swift; sourceTree = "<group>"; };
		32E727A92B2528990074DAB4 /* Fina.app */ = {isa = PBXFileReference; explicitFileType = wrapper.application; includeInIndex = 0; path = Fina.app; sourceTree = BUILT_PRODUCTS_DIR; };
		32E727AC2B2528990074DAB4 /* AppDelegate.swift */ = {isa = PBXFileReference; lastKnownFileType = sourcecode.swift; path = AppDelegate.swift; sourceTree = "<group>"; };
		32E727AE2B2528990074DAB4 /* SceneDelegate.swift */ = {isa = PBXFileReference; lastKnownFileType = sourcecode.swift; path = SceneDelegate.swift; sourceTree = "<group>"; };
		32E727B32B2528990074DAB4 /* Base */ = {isa = PBXFileReference; lastKnownFileType = file.storyboard; name = Base; path = Base.lproj/Main.storyboard; sourceTree = "<group>"; };
		32E727B52B25289B0074DAB4 /* Assets.xcassets */ = {isa = PBXFileReference; lastKnownFileType = folder.assetcatalog; path = Assets.xcassets; sourceTree = "<group>"; };
		32E727B82B25289B0074DAB4 /* Base */ = {isa = PBXFileReference; lastKnownFileType = file.storyboard; name = Base; path = Base.lproj/LaunchScreen.storyboard; sourceTree = "<group>"; };
		32E727BA2B25289B0074DAB4 /* Info.plist */ = {isa = PBXFileReference; lastKnownFileType = text.plist.xml; path = Info.plist; sourceTree = "<group>"; };
		32E727C32B25290C0074DAB4 /* AppCoordinator.swift */ = {isa = PBXFileReference; lastKnownFileType = sourcecode.swift; path = AppCoordinator.swift; sourceTree = "<group>"; };
		32E727C52B25298C0074DAB4 /* Auth.storyboard */ = {isa = PBXFileReference; lastKnownFileType = file.storyboard; path = Auth.storyboard; sourceTree = "<group>"; };
		32E727C82B2529A80074DAB4 /* Extension + LocalAuthentication.swift */ = {isa = PBXFileReference; fileEncoding = 4; lastKnownFileType = sourcecode.swift; path = "Extension + LocalAuthentication.swift"; sourceTree = "<group>"; };
		32E727C92B2529A80074DAB4 /* Extension + Collection.swift */ = {isa = PBXFileReference; fileEncoding = 4; lastKnownFileType = sourcecode.swift; path = "Extension + Collection.swift"; sourceTree = "<group>"; };
		32E727CA2B2529A80074DAB4 /* Extension + String.swift */ = {isa = PBXFileReference; fileEncoding = 4; lastKnownFileType = sourcecode.swift; path = "Extension + String.swift"; sourceTree = "<group>"; };
		32E727CB2B2529A80074DAB4 /* Extension + UIStoryboard.swift */ = {isa = PBXFileReference; fileEncoding = 4; lastKnownFileType = sourcecode.swift; path = "Extension + UIStoryboard.swift"; sourceTree = "<group>"; };
		32E727CC2B2529A80074DAB4 /* Extension + UIView.swift */ = {isa = PBXFileReference; fileEncoding = 4; lastKnownFileType = sourcecode.swift; path = "Extension + UIView.swift"; sourceTree = "<group>"; };
		32E727D22B2529F00074DAB4 /* GoogleService-Info.plist */ = {isa = PBXFileReference; fileEncoding = 4; lastKnownFileType = text.plist.xml; path = "GoogleService-Info.plist"; sourceTree = "<group>"; };
		32E727D52B252C930074DAB4 /* SignInViewController.swift */ = {isa = PBXFileReference; lastKnownFileType = sourcecode.swift; path = SignInViewController.swift; sourceTree = "<group>"; };
		32E727D92B252CAA0074DAB4 /* BaseLoadingView.swift */ = {isa = PBXFileReference; fileEncoding = 4; lastKnownFileType = sourcecode.swift; path = BaseLoadingView.swift; sourceTree = "<group>"; };
		32E727DA2B252CAA0074DAB4 /* BaseManager.swift */ = {isa = PBXFileReference; fileEncoding = 4; lastKnownFileType = sourcecode.swift; path = BaseManager.swift; sourceTree = "<group>"; };
		32E727DC2B252CAA0074DAB4 /* BaseViewController.swift */ = {isa = PBXFileReference; fileEncoding = 4; lastKnownFileType = sourcecode.swift; path = BaseViewController.swift; sourceTree = "<group>"; };
		32EFE7532B252EB700D5103D /* ManagerFactory.swift */ = {isa = PBXFileReference; lastKnownFileType = sourcecode.swift; path = ManagerFactory.swift; sourceTree = "<group>"; };
		32EFE7552B252EDD00D5103D /* AuthManager.swift */ = {isa = PBXFileReference; lastKnownFileType = sourcecode.swift; path = AuthManager.swift; sourceTree = "<group>"; };
		32EFE7582B252F8E00D5103D /* User.swift */ = {isa = PBXFileReference; lastKnownFileType = sourcecode.swift; path = User.swift; sourceTree = "<group>"; };
		32EFE75A2B252FBB00D5103D /* FirebaseEntity.swift */ = {isa = PBXFileReference; lastKnownFileType = sourcecode.swift; path = FirebaseEntity.swift; sourceTree = "<group>"; };
		32EFE75C2B2530A800D5103D /* TwoFactorAuthManager.swift */ = {isa = PBXFileReference; lastKnownFileType = sourcecode.swift; path = TwoFactorAuthManager.swift; sourceTree = "<group>"; };
		39AB554F88427CDED0D27445 /* Pods-Fina.debug.xcconfig */ = {isa = PBXFileReference; includeInIndex = 1; lastKnownFileType = text.xcconfig; name = "Pods-Fina.debug.xcconfig"; path = "Target Support Files/Pods-Fina/Pods-Fina.debug.xcconfig"; sourceTree = "<group>"; };
		EF62C50FFF43A073158A4374 /* Pods_Fina.framework */ = {isa = PBXFileReference; explicitFileType = wrapper.framework; includeInIndex = 0; path = Pods_Fina.framework; sourceTree = BUILT_PRODUCTS_DIR; };
/* End PBXFileReference section */

/* Begin PBXFrameworksBuildPhase section */
		32E727A62B2528990074DAB4 /* Frameworks */ = {
			isa = PBXFrameworksBuildPhase;
			buildActionMask = 2147483647;
			files = (
				8F2AF49BCAAF54542743552F /* Pods_Fina.framework in Frameworks */,
			);
			runOnlyForDeploymentPostprocessing = 0;
		};
/* End PBXFrameworksBuildPhase section */

/* Begin PBXGroup section */
		111E8442CED5CB1C9E4F1A69 /* Frameworks */ = {
			isa = PBXGroup;
			children = (
				EF62C50FFF43A073158A4374 /* Pods_Fina.framework */,
			);
			name = Frameworks;
			sourceTree = "<group>";
		};
		248CC4385AB3F2B5F83FAAAB /* Pods */ = {
			isa = PBXGroup;
			children = (
				39AB554F88427CDED0D27445 /* Pods-Fina.debug.xcconfig */,
				0E2BE9FB88ADA484D64D97A4 /* Pods-Fina.release.xcconfig */,
			);
			path = Pods;
			sourceTree = "<group>";
		};
		32E727A02B2528990074DAB4 = {
			isa = PBXGroup;
			children = (
				32E727AB2B2528990074DAB4 /* Fina */,
				32E727AA2B2528990074DAB4 /* Products */,
				248CC4385AB3F2B5F83FAAAB /* Pods */,
				111E8442CED5CB1C9E4F1A69 /* Frameworks */,
			);
			sourceTree = "<group>";
		};
		32E727AA2B2528990074DAB4 /* Products */ = {
			isa = PBXGroup;
			children = (
				32E727A92B2528990074DAB4 /* Fina.app */,
			);
			name = Products;
			sourceTree = "<group>";
		};
		32E727AB2B2528990074DAB4 /* Fina */ = {
			isa = PBXGroup;
			children = (
				32E727C02B2528A20074DAB4 /* Screens */,
				32E727D72B252C980074DAB4 /* General */,
				32EFE7572B252F8400D5103D /* Models */,
				32EFE7522B252EA700D5103D /* Managers */,
				32E727C22B2528EE0074DAB4 /* Resources */,
				32E727C72B2529A80074DAB4 /* Extensions */,
				32E727AC2B2528990074DAB4 /* AppDelegate.swift */,
				32E727AE2B2528990074DAB4 /* SceneDelegate.swift */,
				32E727C32B25290C0074DAB4 /* AppCoordinator.swift */,
				32E727BA2B25289B0074DAB4 /* Info.plist */,
				32E727D22B2529F00074DAB4 /* GoogleService-Info.plist */,
			);
			path = Fina;
			sourceTree = "<group>";
		};
		32E727C02B2528A20074DAB4 /* Screens */ = {
			isa = PBXGroup;
			children = (
				32E727D42B252C830074DAB4 /* SignIn */,
				32E727C12B2528DC0074DAB4 /* Storyboards */,
			);
			path = Screens;
			sourceTree = "<group>";
		};
		32E727C12B2528DC0074DAB4 /* Storyboards */ = {
			isa = PBXGroup;
			children = (
				32E727B72B25289B0074DAB4 /* LaunchScreen.storyboard */,
				32E727B22B2528990074DAB4 /* Main.storyboard */,
				32E727C52B25298C0074DAB4 /* Auth.storyboard */,
			);
			path = Storyboards;
			sourceTree = "<group>";
		};
		32E727C22B2528EE0074DAB4 /* Resources */ = {
			isa = PBXGroup;
			children = (
				32E727B52B25289B0074DAB4 /* Assets.xcassets */,
				3267FEE32B2532BF00B9E4B0 /* Constants.swift */,
			);
			path = Resources;
			sourceTree = "<group>";
		};
		32E727C72B2529A80074DAB4 /* Extensions */ = {
			isa = PBXGroup;
			children = (
				32E727C82B2529A80074DAB4 /* Extension + LocalAuthentication.swift */,
				32E727C92B2529A80074DAB4 /* Extension + Collection.swift */,
				32E727CA2B2529A80074DAB4 /* Extension + String.swift */,
				32E727CB2B2529A80074DAB4 /* Extension + UIStoryboard.swift */,
				32E727CC2B2529A80074DAB4 /* Extension + UIView.swift */,
			);
			path = Extensions;
			sourceTree = "<group>";
		};
		32E727D42B252C830074DAB4 /* SignIn */ = {
			isa = PBXGroup;
			children = (
				32E727D52B252C930074DAB4 /* SignInViewController.swift */,
			);
			path = SignIn;
			sourceTree = "<group>";
		};
		32E727D72B252C980074DAB4 /* General */ = {
			isa = PBXGroup;
			children = (
				32EFE7512B252E9100D5103D /* Base */,
			);
			path = General;
			sourceTree = "<group>";
		};
		32EFE7512B252E9100D5103D /* Base */ = {
			isa = PBXGroup;
			children = (
				32E727D92B252CAA0074DAB4 /* BaseLoadingView.swift */,
				32E727DA2B252CAA0074DAB4 /* BaseManager.swift */,
				32E727DC2B252CAA0074DAB4 /* BaseViewController.swift */,
			);
			path = Base;
			sourceTree = "<group>";
		};
		32EFE7522B252EA700D5103D /* Managers */ = {
			isa = PBXGroup;
			children = (
				3238B4EF2B253703001EC3D8 /* Ciper.swift */,
				32EFE7532B252EB700D5103D /* ManagerFactory.swift */,
				32EFE7552B252EDD00D5103D /* AuthManager.swift */,
				32EFE75C2B2530A800D5103D /* TwoFactorAuthManager.swift */,
			);
			path = Managers;
			sourceTree = "<group>";
		};
		32EFE7572B252F8400D5103D /* Models */ = {
			isa = PBXGroup;
			children = (
				32EFE7582B252F8E00D5103D /* User.swift */,
				32EFE75A2B252FBB00D5103D /* FirebaseEntity.swift */,
			);
			path = Models;
			sourceTree = "<group>";
		};
/* End PBXGroup section */

/* Begin PBXNativeTarget section */
		32E727A82B2528990074DAB4 /* Fina */ = {
			isa = PBXNativeTarget;
			buildConfigurationList = 32E727BD2B25289B0074DAB4 /* Build configuration list for PBXNativeTarget "Fina" */;
			buildPhases = (
				868A9FBDE7397ECF4E3FED91 /* [CP] Check Pods Manifest.lock */,
				32E727A52B2528990074DAB4 /* Sources */,
				32E727A62B2528990074DAB4 /* Frameworks */,
				32E727A72B2528990074DAB4 /* Resources */,
				6B837231541D454B2AE7A6CE /* [CP] Embed Pods Frameworks */,
			);
			buildRules = (
			);
			dependencies = (
			);
			name = Fina;
			productName = Fina;
			productReference = 32E727A92B2528990074DAB4 /* Fina.app */;
			productType = "com.apple.product-type.application";
		};
/* End PBXNativeTarget section */

/* Begin PBXProject section */
		32E727A12B2528990074DAB4 /* Project object */ = {
			isa = PBXProject;
			attributes = {
				BuildIndependentTargetsInParallel = 1;
				LastSwiftUpdateCheck = 1420;
				LastUpgradeCheck = 1420;
				TargetAttributes = {
					32E727A82B2528990074DAB4 = {
						CreatedOnToolsVersion = 14.2;
					};
				};
			};
			buildConfigurationList = 32E727A42B2528990074DAB4 /* Build configuration list for PBXProject "Fina" */;
			compatibilityVersion = "Xcode 14.0";
			developmentRegion = en;
			hasScannedForEncodings = 0;
			knownRegions = (
				en,
				Base,
			);
			mainGroup = 32E727A02B2528990074DAB4;
			productRefGroup = 32E727AA2B2528990074DAB4 /* Products */;
			projectDirPath = "";
			projectRoot = "";
			targets = (
				32E727A82B2528990074DAB4 /* Fina */,
			);
		};
/* End PBXProject section */

/* Begin PBXResourcesBuildPhase section */
		32E727A72B2528990074DAB4 /* Resources */ = {
			isa = PBXResourcesBuildPhase;
			buildActionMask = 2147483647;
			files = (
				32E727C62B25298C0074DAB4 /* Auth.storyboard in Resources */,
				32E727B92B25289B0074DAB4 /* LaunchScreen.storyboard in Resources */,
				32E727D32B2529F00074DAB4 /* GoogleService-Info.plist in Resources */,
				32E727B62B25289B0074DAB4 /* Assets.xcassets in Resources */,
				32E727B42B2528990074DAB4 /* Main.storyboard in Resources */,
			);
			runOnlyForDeploymentPostprocessing = 0;
		};
/* End PBXResourcesBuildPhase section */

/* Begin PBXShellScriptBuildPhase section */
		6B837231541D454B2AE7A6CE /* [CP] Embed Pods Frameworks */ = {
			isa = PBXShellScriptBuildPhase;
			buildActionMask = 2147483647;
			files = (
			);
			inputFileListPaths = (
				"${PODS_ROOT}/Target Support Files/Pods-Fina/Pods-Fina-frameworks-${CONFIGURATION}-input-files.xcfilelist",
			);
			name = "[CP] Embed Pods Frameworks";
			outputFileListPaths = (
				"${PODS_ROOT}/Target Support Files/Pods-Fina/Pods-Fina-frameworks-${CONFIGURATION}-output-files.xcfilelist",
			);
			runOnlyForDeploymentPostprocessing = 0;
			shellPath = /bin/sh;
			shellScript = "\"${PODS_ROOT}/Target Support Files/Pods-Fina/Pods-Fina-frameworks.sh\"\n";
			showEnvVarsInLog = 0;
		};
		868A9FBDE7397ECF4E3FED91 /* [CP] Check Pods Manifest.lock */ = {
			isa = PBXShellScriptBuildPhase;
			buildActionMask = 2147483647;
			files = (
			);
			inputFileListPaths = (
			);
			inputPaths = (
				"${PODS_PODFILE_DIR_PATH}/Podfile.lock",
				"${PODS_ROOT}/Manifest.lock",
			);
			name = "[CP] Check Pods Manifest.lock";
			outputFileListPaths = (
			);
			outputPaths = (
				"$(DERIVED_FILE_DIR)/Pods-Fina-checkManifestLockResult.txt",
			);
			runOnlyForDeploymentPostprocessing = 0;
			shellPath = /bin/sh;
			shellScript = "diff \"${PODS_PODFILE_DIR_PATH}/Podfile.lock\" \"${PODS_ROOT}/Manifest.lock\" > /dev/null\nif [ $? != 0 ] ; then\n    # print error to STDERR\n    echo \"error: The sandbox is not in sync with the Podfile.lock. Run 'pod install' or update your CocoaPods installation.\" >&2\n    exit 1\nfi\n# This output is used by Xcode 'outputs' to avoid re-running this script phase.\necho \"SUCCESS\" > \"${SCRIPT_OUTPUT_FILE_0}\"\n";
			showEnvVarsInLog = 0;
		};
/* End PBXShellScriptBuildPhase section */

/* Begin PBXSourcesBuildPhase section */
		32E727A52B2528990074DAB4 /* Sources */ = {
			isa = PBXSourcesBuildPhase;
			buildActionMask = 2147483647;
			files = (
				32E727D02B2529A80074DAB4 /* Extension + UIStoryboard.swift in Sources */,
				32EFE7562B252EDD00D5103D /* AuthManager.swift in Sources */,
				32E727C42B25290C0074DAB4 /* AppCoordinator.swift in Sources */,
				32E727AD2B2528990074DAB4 /* AppDelegate.swift in Sources */,
				32E727CF2B2529A80074DAB4 /* Extension + String.swift in Sources */,
				32E727D12B2529A80074DAB4 /* Extension + UIView.swift in Sources */,
				32E727E12B252CAA0074DAB4 /* BaseViewController.swift in Sources */,
				32E727D62B252C930074DAB4 /* SignInViewController.swift in Sources */,
				32EFE7592B252F8E00D5103D /* User.swift in Sources */,
				32E727DF2B252CAA0074DAB4 /* BaseManager.swift in Sources */,
				32EFE75D2B2530A800D5103D /* TwoFactorAuthManager.swift in Sources */,
				32E727CE2B2529A80074DAB4 /* Extension + Collection.swift in Sources */,
				32EFE7542B252EB700D5103D /* ManagerFactory.swift in Sources */,
				32E727AF2B2528990074DAB4 /* SceneDelegate.swift in Sources */,
				32EFE75B2B252FBB00D5103D /* FirebaseEntity.swift in Sources */,
				32E727DE2B252CAA0074DAB4 /* BaseLoadingView.swift in Sources */,
				32E727CD2B2529A80074DAB4 /* Extension + LocalAuthentication.swift in Sources */,
				3238B4F02B253703001EC3D8 /* Ciper.swift in Sources */,
				3267FEE42B2532BF00B9E4B0 /* Constants.swift in Sources */,
			);
			runOnlyForDeploymentPostprocessing = 0;
		};
/* End PBXSourcesBuildPhase section */

/* Begin PBXVariantGroup section */
		32E727B22B2528990074DAB4 /* Main.storyboard */ = {
			isa = PBXVariantGroup;
			children = (
				32E727B32B2528990074DAB4 /* Base */,
			);
			name = Main.storyboard;
			sourceTree = "<group>";
		};
		32E727B72B25289B0074DAB4 /* LaunchScreen.storyboard */ = {
			isa = PBXVariantGroup;
			children = (
				32E727B82B25289B0074DAB4 /* Base */,
			);
			name = LaunchScreen.storyboard;
			sourceTree = "<group>";
		};
/* End PBXVariantGroup section */

/* Begin XCBuildConfiguration section */
		32E727BB2B25289B0074DAB4 /* Debug */ = {
			isa = XCBuildConfiguration;
			buildSettings = {
				ALWAYS_SEARCH_USER_PATHS = NO;
				CLANG_ANALYZER_NONNULL = YES;
				CLANG_ANALYZER_NUMBER_OBJECT_CONVERSION = YES_AGGRESSIVE;
				CLANG_CXX_LANGUAGE_STANDARD = "gnu++20";
				CLANG_ENABLE_MODULES = YES;
				CLANG_ENABLE_OBJC_ARC = YES;
				CLANG_ENABLE_OBJC_WEAK = YES;
				CLANG_WARN_BLOCK_CAPTURE_AUTORELEASING = YES;
				CLANG_WARN_BOOL_CONVERSION = YES;
				CLANG_WARN_COMMA = YES;
				CLANG_WARN_CONSTANT_CONVERSION = YES;
				CLANG_WARN_DEPRECATED_OBJC_IMPLEMENTATIONS = YES;
				CLANG_WARN_DIRECT_OBJC_ISA_USAGE = YES_ERROR;
				CLANG_WARN_DOCUMENTATION_COMMENTS = YES;
				CLANG_WARN_EMPTY_BODY = YES;
				CLANG_WARN_ENUM_CONVERSION = YES;
				CLANG_WARN_INFINITE_RECURSION = YES;
				CLANG_WARN_INT_CONVERSION = YES;
				CLANG_WARN_NON_LITERAL_NULL_CONVERSION = YES;
				CLANG_WARN_OBJC_IMPLICIT_RETAIN_SELF = YES;
				CLANG_WARN_OBJC_LITERAL_CONVERSION = YES;
				CLANG_WARN_OBJC_ROOT_CLASS = YES_ERROR;
				CLANG_WARN_QUOTED_INCLUDE_IN_FRAMEWORK_HEADER = YES;
				CLANG_WARN_RANGE_LOOP_ANALYSIS = YES;
				CLANG_WARN_STRICT_PROTOTYPES = YES;
				CLANG_WARN_SUSPICIOUS_MOVE = YES;
				CLANG_WARN_UNGUARDED_AVAILABILITY = YES_AGGRESSIVE;
				CLANG_WARN_UNREACHABLE_CODE = YES;
				CLANG_WARN__DUPLICATE_METHOD_MATCH = YES;
				COPY_PHASE_STRIP = NO;
				DEBUG_INFORMATION_FORMAT = dwarf;
				ENABLE_STRICT_OBJC_MSGSEND = YES;
				ENABLE_TESTABILITY = YES;
				GCC_C_LANGUAGE_STANDARD = gnu11;
				GCC_DYNAMIC_NO_PIC = NO;
				GCC_NO_COMMON_BLOCKS = YES;
				GCC_OPTIMIZATION_LEVEL = 0;
				GCC_PREPROCESSOR_DEFINITIONS = (
					"DEBUG=1",
					"$(inherited)",
				);
				GCC_WARN_64_TO_32_BIT_CONVERSION = YES;
				GCC_WARN_ABOUT_RETURN_TYPE = YES_ERROR;
				GCC_WARN_UNDECLARED_SELECTOR = YES;
				GCC_WARN_UNINITIALIZED_AUTOS = YES_AGGRESSIVE;
				GCC_WARN_UNUSED_FUNCTION = YES;
				GCC_WARN_UNUSED_VARIABLE = YES;
				IPHONEOS_DEPLOYMENT_TARGET = 16.2;
				MTL_ENABLE_DEBUG_INFO = INCLUDE_SOURCE;
				MTL_FAST_MATH = YES;
				ONLY_ACTIVE_ARCH = YES;
				SDKROOT = iphoneos;
				SWIFT_ACTIVE_COMPILATION_CONDITIONS = DEBUG;
				SWIFT_OPTIMIZATION_LEVEL = "-Onone";
			};
			name = Debug;
		};
		32E727BC2B25289B0074DAB4 /* Release */ = {
			isa = XCBuildConfiguration;
			buildSettings = {
				ALWAYS_SEARCH_USER_PATHS = NO;
				CLANG_ANALYZER_NONNULL = YES;
				CLANG_ANALYZER_NUMBER_OBJECT_CONVERSION = YES_AGGRESSIVE;
				CLANG_CXX_LANGUAGE_STANDARD = "gnu++20";
				CLANG_ENABLE_MODULES = YES;
				CLANG_ENABLE_OBJC_ARC = YES;
				CLANG_ENABLE_OBJC_WEAK = YES;
				CLANG_WARN_BLOCK_CAPTURE_AUTORELEASING = YES;
				CLANG_WARN_BOOL_CONVERSION = YES;
				CLANG_WARN_COMMA = YES;
				CLANG_WARN_CONSTANT_CONVERSION = YES;
				CLANG_WARN_DEPRECATED_OBJC_IMPLEMENTATIONS = YES;
				CLANG_WARN_DIRECT_OBJC_ISA_USAGE = YES_ERROR;
				CLANG_WARN_DOCUMENTATION_COMMENTS = YES;
				CLANG_WARN_EMPTY_BODY = YES;
				CLANG_WARN_ENUM_CONVERSION = YES;
				CLANG_WARN_INFINITE_RECURSION = YES;
				CLANG_WARN_INT_CONVERSION = YES;
				CLANG_WARN_NON_LITERAL_NULL_CONVERSION = YES;
				CLANG_WARN_OBJC_IMPLICIT_RETAIN_SELF = YES;
				CLANG_WARN_OBJC_LITERAL_CONVERSION = YES;
				CLANG_WARN_OBJC_ROOT_CLASS = YES_ERROR;
				CLANG_WARN_QUOTED_INCLUDE_IN_FRAMEWORK_HEADER = YES;
				CLANG_WARN_RANGE_LOOP_ANALYSIS = YES;
				CLANG_WARN_STRICT_PROTOTYPES = YES;
				CLANG_WARN_SUSPICIOUS_MOVE = YES;
				CLANG_WARN_UNGUARDED_AVAILABILITY = YES_AGGRESSIVE;
				CLANG_WARN_UNREACHABLE_CODE = YES;
				CLANG_WARN__DUPLICATE_METHOD_MATCH = YES;
				COPY_PHASE_STRIP = NO;
				DEBUG_INFORMATION_FORMAT = "dwarf-with-dsym";
				ENABLE_NS_ASSERTIONS = NO;
				ENABLE_STRICT_OBJC_MSGSEND = YES;
				GCC_C_LANGUAGE_STANDARD = gnu11;
				GCC_NO_COMMON_BLOCKS = YES;
				GCC_WARN_64_TO_32_BIT_CONVERSION = YES;
				GCC_WARN_ABOUT_RETURN_TYPE = YES_ERROR;
				GCC_WARN_UNDECLARED_SELECTOR = YES;
				GCC_WARN_UNINITIALIZED_AUTOS = YES_AGGRESSIVE;
				GCC_WARN_UNUSED_FUNCTION = YES;
				GCC_WARN_UNUSED_VARIABLE = YES;
				IPHONEOS_DEPLOYMENT_TARGET = 16.2;
				MTL_ENABLE_DEBUG_INFO = NO;
				MTL_FAST_MATH = YES;
				SDKROOT = iphoneos;
				SWIFT_COMPILATION_MODE = wholemodule;
				SWIFT_OPTIMIZATION_LEVEL = "-O";
				VALIDATE_PRODUCT = YES;
			};
			name = Release;
		};
		32E727BE2B25289B0074DAB4 /* Debug */ = {
			isa = XCBuildConfiguration;
			baseConfigurationReference = 39AB554F88427CDED0D27445 /* Pods-Fina.debug.xcconfig */;
			buildSettings = {
				ASSETCATALOG_COMPILER_APPICON_NAME = AppIcon;
				ASSETCATALOG_COMPILER_GLOBAL_ACCENT_COLOR_NAME = AccentColor;
				CODE_SIGN_STYLE = Automatic;
				CURRENT_PROJECT_VERSION = 1;
				DEVELOPMENT_TEAM = 97AF9CH96R;
				GENERATE_INFOPLIST_FILE = YES;
				INFOPLIST_FILE = Fina/Info.plist;
				INFOPLIST_KEY_CFBundleDisplayName = FinaMobile;
				INFOPLIST_KEY_LSApplicationCategoryType = "public.app-category.finance";
				INFOPLIST_KEY_UIApplicationSupportsIndirectInputEvents = YES;
				INFOPLIST_KEY_UILaunchStoryboardName = LaunchScreen;
				INFOPLIST_KEY_UIStatusBarStyle = "";
				INFOPLIST_KEY_UISupportedInterfaceOrientations = UIInterfaceOrientationPortrait;
				INFOPLIST_KEY_UISupportedInterfaceOrientations_iPad = "UIInterfaceOrientationLandscapeLeft UIInterfaceOrientationLandscapeRight UIInterfaceOrientationPortrait UIInterfaceOrientationPortraitUpsideDown";
				IPHONEOS_DEPLOYMENT_TARGET = 15.0;
				LD_RUNPATH_SEARCH_PATHS = (
					"$(inherited)",
					"@executable_path/Frameworks",
				);
				MARKETING_VERSION = 1.0;
				PRODUCT_BUNDLE_IDENTIFIER = com.tinkldeath.FinaMobile;
				PRODUCT_NAME = "$(TARGET_NAME)";
				SUPPORTED_PLATFORMS = "iphoneos iphonesimulator";
				SUPPORTS_MACCATALYST = NO;
				SUPPORTS_MAC_DESIGNED_FOR_IPHONE_IPAD = NO;
				SWIFT_EMIT_LOC_STRINGS = YES;
				SWIFT_VERSION = 5.0;
				TARGETED_DEVICE_FAMILY = 1;
			};
			name = Debug;
		};
		32E727BF2B25289B0074DAB4 /* Release */ = {
			isa = XCBuildConfiguration;
			baseConfigurationReference = 0E2BE9FB88ADA484D64D97A4 /* Pods-Fina.release.xcconfig */;
			buildSettings = {
				ASSETCATALOG_COMPILER_APPICON_NAME = AppIcon;
				ASSETCATALOG_COMPILER_GLOBAL_ACCENT_COLOR_NAME = AccentColor;
				CODE_SIGN_STYLE = Automatic;
				CURRENT_PROJECT_VERSION = 1;
				DEVELOPMENT_TEAM = 97AF9CH96R;
				GENERATE_INFOPLIST_FILE = YES;
				INFOPLIST_FILE = Fina/Info.plist;
				INFOPLIST_KEY_CFBundleDisplayName = FinaMobile;
				INFOPLIST_KEY_LSApplicationCategoryType = "public.app-category.finance";
				INFOPLIST_KEY_UIApplicationSupportsIndirectInputEvents = YES;
				INFOPLIST_KEY_UILaunchStoryboardName = LaunchScreen;
				INFOPLIST_KEY_UIStatusBarStyle = "";
				INFOPLIST_KEY_UISupportedInterfaceOrientations = UIInterfaceOrientationPortrait;
				INFOPLIST_KEY_UISupportedInterfaceOrientations_iPad = "UIInterfaceOrientationLandscapeLeft UIInterfaceOrientationLandscapeRight UIInterfaceOrientationPortrait UIInterfaceOrientationPortraitUpsideDown";
				IPHONEOS_DEPLOYMENT_TARGET = 15.0;
				LD_RUNPATH_SEARCH_PATHS = (
					"$(inherited)",
					"@executable_path/Frameworks",
				);
				MARKETING_VERSION = 1.0;
				PRODUCT_BUNDLE_IDENTIFIER = com.tinkldeath.FinaMobile;
				PRODUCT_NAME = "$(TARGET_NAME)";
				SUPPORTED_PLATFORMS = "iphoneos iphonesimulator";
				SUPPORTS_MACCATALYST = NO;
				SUPPORTS_MAC_DESIGNED_FOR_IPHONE_IPAD = NO;
				SWIFT_EMIT_LOC_STRINGS = YES;
				SWIFT_VERSION = 5.0;
				TARGETED_DEVICE_FAMILY = 1;
			};
			name = Release;
		};
/* End XCBuildConfiguration section */

/* Begin XCConfigurationList section */
		32E727A42B2528990074DAB4 /* Build configuration list for PBXProject "Fina" */ = {
			isa = XCConfigurationList;
			buildConfigurations = (
				32E727BB2B25289B0074DAB4 /* Debug */,
				32E727BC2B25289B0074DAB4 /* Release */,
			);
			defaultConfigurationIsVisible = 0;
			defaultConfigurationName = Release;
		};
		32E727BD2B25289B0074DAB4 /* Build configuration list for PBXNativeTarget "Fina" */ = {
			isa = XCConfigurationList;
			buildConfigurations = (
				32E727BE2B25289B0074DAB4 /* Debug */,
				32E727BF2B25289B0074DAB4 /* Release */,
			);
			defaultConfigurationIsVisible = 0;
			defaultConfigurationName = Release;
		};
/* End XCConfigurationList section */
	};
	rootObject = 32E727A12B2528990074DAB4 /* Project object */;
}
